
Microsoft Visual Studio Solution File, Format Version 12.00
# Visual Studio Version 16
VisualStudioVersion = 16.0.32228.343
MinimumVisualStudioVersion = 10.0.40219.1
Project("{FAE04EC0-301F-11D3-BF4B-00C04F79EFBC}") = "IoTDevices", "IoTDevices\IoTDevices.csproj", "{56ED7A33-4C33-46BB-B39D-86DD87467E06}"
EndProject
Global
	GlobalSection(SolutionConfigurationPlatforms) = preSolution
		Debug|Any CPU = Debug|Any CPU
		Release|Any CPU = Release|Any CPU
	EndGlobalSection
	GlobalSection(ProjectConfigurationPlatforms) = postSolution
		{56ED7A33-4C33-46BB-B39D-86DD87467E06}.Debug|Any CPU.ActiveCfg = Debug|Any CPU
		{56ED7A33-4C33-46BB-B39D-86DD87467E06}.Debug|Any CPU.Build.0 = Debug|Any CPU
		{56ED7A33-4C33-46BB-B39D-86DD87467E06}.Release|Any CPU.ActiveCfg = Release|Any CPU
		{56ED7A33-4C33-46BB-B39D-86DD87467E06}.Release|Any CPU.Build.0 = Release|Any CPU
	EndGlobalSection
	GlobalSection(SolutionProperties) = preSolution
		HideSolutionNode = FALSE
	EndGlobalSection
	GlobalSection(ExtensibilityGlobals) = postSolution
		SolutionGuid = {96012165-9D38-41BF-B494-80788A047FB4}
	EndGlobalSection
EndGlobal
